
Microsoft Visual Studio Solution File, Format Version 12.00
# Visual Studio Version 17
VisualStudioVersion = 17.0.31903.59
MinimumVisualStudioVersion = 10.0.40219.1
Project("{2150E333-8FDC-42A3-9474-1A3956D46DE8}") = "src", "src", "{4871DA36-90C7-4EBA-91EA-6EAFE9081FEC}"
EndProject
Project("{2150E333-8FDC-42A3-9474-1A3956D46DE8}") = "tests", "tests", "{90176B55-2945-43F0-955D-2F7D6C1B9217}"
EndProject
Project("{2150E333-8FDC-42A3-9474-1A3956D46DE8}") = "Backend", "Backend", "{B43F3EA8-D0A7-432F-9A42-F8434DD572E5}"
EndProject
Project("{2150E333-8FDC-42A3-9474-1A3956D46DE8}") = "Shared", "Shared", "{2165776E-E39A-4E14-8550-9D46BAC4110A}"
EndProject
Project("{FAE04EC0-301F-11D3-BF4B-00C04F79EFBC}") = "MyRecipeBook.API", "src\Backend\MyRecipeBook.API\MyRecipeBook.API.csproj", "{DF83EC17-B16A-4C37-AA6D-7B34FA4A6267}"
EndProject
Project("{FAE04EC0-301F-11D3-BF4B-00C04F79EFBC}") = "MyRecipeBook.Application", "src\Backend\MyRecipeBook.Application\MyRecipeBook.Application.csproj", "{8B45F1A4-2287-4D64-8070-0382ACAEFE20}"
EndProject
Project("{FAE04EC0-301F-11D3-BF4B-00C04F79EFBC}") = "MyRecipeBook.Domain", "src\Backend\MyRecipeBook.Domain\MyRecipeBook.Domain.csproj", "{4BFC2297-03DE-43CC-833F-3440C67D9409}"
EndProject
Project("{FAE04EC0-301F-11D3-BF4B-00C04F79EFBC}") = "MyRecipeBook.Infrastructure", "src\Backend\MyRecipeBook.Infrastructure\MyRecipeBook.Infrastructure.csproj", "{BDA1ED0D-8698-4B09-9121-3308B17FD6F0}"
EndProject
Project("{FAE04EC0-301F-11D3-BF4B-00C04F79EFBC}") = "MyRecipeBook.Communication", "src\Shared\MyRecipeBook.Communication\MyRecipeBook.Communication.csproj", "{6892C330-D4B9-4F44-939A-348C666E2D36}"
EndProject
Project("{FAE04EC0-301F-11D3-BF4B-00C04F79EFBC}") = "MyRecipeBook.Exceptions", "src\Shared\MyRecipeBook.Exceptions\MyRecipeBook.Exceptions.csproj", "{CFC4FFD6-5EFC-4F8F-B8A1-AEAA2C9854D4}"
EndProject
Project("{FAE04EC0-301F-11D3-BF4B-00C04F79EFBC}") = "Validators.Test", "tests\Validators.Test\Validators.Test.csproj", "{88DBE590-90B8-4946-A9E6-519DDF061374}"
EndProject
Project("{FAE04EC0-301F-11D3-BF4B-00C04F79EFBC}") = "CommonTestUtilities", "tests\CommonTestUtilities\CommonTestUtilities.csproj", "{8315C7F2-A94C-4517-8DA9-F7ED5320EA9B}"
EndProject
Global
	GlobalSection(SolutionConfigurationPlatforms) = preSolution
		Debug|Any CPU = Debug|Any CPU
		Release|Any CPU = Release|Any CPU
	EndGlobalSection
	GlobalSection(SolutionProperties) = preSolution
		HideSolutionNode = FALSE
	EndGlobalSection
	GlobalSection(ProjectConfigurationPlatforms) = postSolution
		{DF83EC17-B16A-4C37-AA6D-7B34FA4A6267}.Debug|Any CPU.ActiveCfg = Debug|Any CPU
		{DF83EC17-B16A-4C37-AA6D-7B34FA4A6267}.Debug|Any CPU.Build.0 = Debug|Any CPU
		{DF83EC17-B16A-4C37-AA6D-7B34FA4A6267}.Release|Any CPU.ActiveCfg = Release|Any CPU
		{DF83EC17-B16A-4C37-AA6D-7B34FA4A6267}.Release|Any CPU.Build.0 = Release|Any CPU
		{8B45F1A4-2287-4D64-8070-0382ACAEFE20}.Debug|Any CPU.ActiveCfg = Debug|Any CPU
		{8B45F1A4-2287-4D64-8070-0382ACAEFE20}.Debug|Any CPU.Build.0 = Debug|Any CPU
		{8B45F1A4-2287-4D64-8070-0382ACAEFE20}.Release|Any CPU.ActiveCfg = Release|Any CPU
		{8B45F1A4-2287-4D64-8070-0382ACAEFE20}.Release|Any CPU.Build.0 = Release|Any CPU
		{4BFC2297-03DE-43CC-833F-3440C67D9409}.Debug|Any CPU.ActiveCfg = Debug|Any CPU
		{4BFC2297-03DE-43CC-833F-3440C67D9409}.Debug|Any CPU.Build.0 = Debug|Any CPU
		{4BFC2297-03DE-43CC-833F-3440C67D9409}.Release|Any CPU.ActiveCfg = Release|Any CPU
		{4BFC2297-03DE-43CC-833F-3440C67D9409}.Release|Any CPU.Build.0 = Release|Any CPU
		{BDA1ED0D-8698-4B09-9121-3308B17FD6F0}.Debug|Any CPU.ActiveCfg = Debug|Any CPU
		{BDA1ED0D-8698-4B09-9121-3308B17FD6F0}.Debug|Any CPU.Build.0 = Debug|Any CPU
		{BDA1ED0D-8698-4B09-9121-3308B17FD6F0}.Release|Any CPU.ActiveCfg = Release|Any CPU
		{BDA1ED0D-8698-4B09-9121-3308B17FD6F0}.Release|Any CPU.Build.0 = Release|Any CPU
		{6892C330-D4B9-4F44-939A-348C666E2D36}.Debug|Any CPU.ActiveCfg = Debug|Any CPU
		{6892C330-D4B9-4F44-939A-348C666E2D36}.Debug|Any CPU.Build.0 = Debug|Any CPU
		{6892C330-D4B9-4F44-939A-348C666E2D36}.Release|Any CPU.ActiveCfg = Release|Any CPU
		{6892C330-D4B9-4F44-939A-348C666E2D36}.Release|Any CPU.Build.0 = Release|Any CPU
		{CFC4FFD6-5EFC-4F8F-B8A1-AEAA2C9854D4}.Debug|Any CPU.ActiveCfg = Debug|Any CPU
		{CFC4FFD6-5EFC-4F8F-B8A1-AEAA2C9854D4}.Debug|Any CPU.Build.0 = Debug|Any CPU
		{CFC4FFD6-5EFC-4F8F-B8A1-AEAA2C9854D4}.Release|Any CPU.ActiveCfg = Release|Any CPU
		{CFC4FFD6-5EFC-4F8F-B8A1-AEAA2C9854D4}.Release|Any CPU.Build.0 = Release|Any CPU
		{88DBE590-90B8-4946-A9E6-519DDF061374}.Debug|Any CPU.ActiveCfg = Debug|Any CPU
		{88DBE590-90B8-4946-A9E6-519DDF061374}.Debug|Any CPU.Build.0 = Debug|Any CPU
		{88DBE590-90B8-4946-A9E6-519DDF061374}.Release|Any CPU.ActiveCfg = Release|Any CPU
		{88DBE590-90B8-4946-A9E6-519DDF061374}.Release|Any CPU.Build.0 = Release|Any CPU
		{8315C7F2-A94C-4517-8DA9-F7ED5320EA9B}.Debug|Any CPU.ActiveCfg = Debug|Any CPU
		{8315C7F2-A94C-4517-8DA9-F7ED5320EA9B}.Debug|Any CPU.Build.0 = Debug|Any CPU
		{8315C7F2-A94C-4517-8DA9-F7ED5320EA9B}.Release|Any CPU.ActiveCfg = Release|Any CPU
		{8315C7F2-A94C-4517-8DA9-F7ED5320EA9B}.Release|Any CPU.Build.0 = Release|Any CPU
	EndGlobalSection
	GlobalSection(NestedProjects) = preSolution
		{B43F3EA8-D0A7-432F-9A42-F8434DD572E5} = {4871DA36-90C7-4EBA-91EA-6EAFE9081FEC}
		{2165776E-E39A-4E14-8550-9D46BAC4110A} = {4871DA36-90C7-4EBA-91EA-6EAFE9081FEC}
		{DF83EC17-B16A-4C37-AA6D-7B34FA4A6267} = {B43F3EA8-D0A7-432F-9A42-F8434DD572E5}
		{8B45F1A4-2287-4D64-8070-0382ACAEFE20} = {B43F3EA8-D0A7-432F-9A42-F8434DD572E5}
		{4BFC2297-03DE-43CC-833F-3440C67D9409} = {B43F3EA8-D0A7-432F-9A42-F8434DD572E5}
		{BDA1ED0D-8698-4B09-9121-3308B17FD6F0} = {B43F3EA8-D0A7-432F-9A42-F8434DD572E5}
		{6892C330-D4B9-4F44-939A-348C666E2D36} = {2165776E-E39A-4E14-8550-9D46BAC4110A}
		{CFC4FFD6-5EFC-4F8F-B8A1-AEAA2C9854D4} = {2165776E-E39A-4E14-8550-9D46BAC4110A}
		{88DBE590-90B8-4946-A9E6-519DDF061374} = {90176B55-2945-43F0-955D-2F7D6C1B9217}
		{8315C7F2-A94C-4517-8DA9-F7ED5320EA9B} = {90176B55-2945-43F0-955D-2F7D6C1B9217}
	EndGlobalSection
EndGlobal
